
Microsoft Visual Studio Solution File, Format Version 12.00
# Visual Studio Version 16
VisualStudioVersion = 16.0.31911.196
MinimumVisualStudioVersion = 10.0.40219.1
Project("{8BC9CEB8-8B4A-11D0-8D11-00A0C91BC942}") = "NoteRecognizer", "NoteRecognizer\NoteRecognizer.vcxproj", "{A7CE40CE-DF97-488B-A4B8-676014F49BC4}"
EndProject
Global
	GlobalSection(SolutionConfigurationPlatforms) = preSolution
		Debug|Any CPU = Debug|Any CPU
		Debug|x64 = Debug|x64
		Debug|x86 = Debug|x86
		Release|Any CPU = Release|Any CPU
		Release|x64 = Release|x64
		Release|x86 = Release|x86
	EndGlobalSection
	GlobalSection(ProjectConfigurationPlatforms) = postSolution
		{A7CE40CE-DF97-488B-A4B8-676014F49BC4}.Debug|Any CPU.ActiveCfg = Debug|Win32
		{A7CE40CE-DF97-488B-A4B8-676014F49BC4}.Debug|x64.ActiveCfg = Debug|x64
		{A7CE40CE-DF97-488B-A4B8-676014F49BC4}.Debug|x64.Build.0 = Debug|x64
		{A7CE40CE-DF97-488B-A4B8-676014F49BC4}.Debug|x86.ActiveCfg = Debug|Win32
		{A7CE40CE-DF97-488B-A4B8-676014F49BC4}.Debug|x86.Build.0 = Debug|Win32
		{A7CE40CE-DF97-488B-A4B8-676014F49BC4}.Release|Any CPU.ActiveCfg = Release|Win32
		{A7CE40CE-DF97-488B-A4B8-676014F49BC4}.Release|x64.ActiveCfg = Release|x64
		{A7CE40CE-DF97-488B-A4B8-676014F49BC4}.Release|x64.Build.0 = Release|x64
		{A7CE40CE-DF97-488B-A4B8-676014F49BC4}.Release|x86.ActiveCfg = Release|Win32
		{A7CE40CE-DF97-488B-A4B8-676014F49BC4}.Release|x86.Build.0 = Release|Win32
	EndGlobalSection
	GlobalSection(SolutionProperties) = preSolution
		HideSolutionNode = FALSE
	EndGlobalSection
	GlobalSection(ExtensibilityGlobals) = postSolution
		SolutionGuid = {A2A52FFD-6534-4625-8691-2C6979E62D33}
	EndGlobalSection
EndGlobal
